// !$*UTF8*$!
{
	archiveVersion = 1;
	classes = {
	};
	objectVersion = 71;
	objects = {

/* Begin PBXBuildFile section */
		0013A0552F353DC300E715AD /* SampledCore in Frameworks */ = {isa = PBXBuildFile; productRef = 0013A0542F353DC300E715AD /* SampledCore */; };
		0018CD3F2FAC1FFD00C305B0 /* Yams in Frameworks */ = {isa = PBXBuildFile; productRef = 0018CD3E2FAC1FFD00C305B0 /* Yams */; };
		0018CE182FAC4BAF00C305B0 /* OpenAPIKit30 in Frameworks */ = {isa = PBXBuildFile; productRef = 0018CE172FAC4BAF00C305B0 /* OpenAPIKit30 */; };
		0040AFD32E76063500F33735 /* FractionalIndex in Frameworks */ = {isa = PBXBuildFile; productRef = 0040AFD22E76063500F33735 /* FractionalIndex */; };
		004D121F2FABE5AF0027B11D /* SampledOpenSubsonicAPI in Frameworks */ = {isa = PBXBuildFile; productRef = 004D121E2FABE5AF0027B11D /* SampledOpenSubsonicAPI */; };
		004D12222FAC08CC0027B11D /* HTTPTypes in Frameworks */ = {isa = PBXBuildFile; productRef = 004D12212FAC08CC0027B11D /* HTTPTypes */; };
		00747F2C2E94A3DE0024DCBE /* PropertyBased in Frameworks */ = {isa = PBXBuildFile; productRef = 00747F2B2E94A3DE0024DCBE /* PropertyBased */; };
		0079496A2F38062600B43C11 /* Core.swift in Sources */ = {isa = PBXBuildFile; fileRef = 007949692F38062600B43C11 /* Core.swift */; };
		008E48C82F464AB50058617B /* IdentifiedCollections in Frameworks */ = {isa = PBXBuildFile; productRef = 008E48C72F464AB50058617B /* IdentifiedCollections */; };
		00BDFB332CB42B7C009D66A8 /* Localizable.xcstrings in Resources */ = {isa = PBXBuildFile; fileRef = 00BDFB322CB42B7C009D66A8 /* Localizable.xcstrings */; };
		00C7BCCC2CE003730094F057 /* Algorithms in Frameworks */ = {isa = PBXBuildFile; productRef = 00C7BCCB2CE003730094F057 /* Algorithms */; };
		00D98E5D2CAF3D060008E0F1 /* Preview Assets.xcassets in Resources */ = {isa = PBXBuildFile; fileRef = 00D98E552CAF3D050008E0F1 /* Preview Assets.xcassets */; };
		00D98E5E2CAF3D060008E0F1 /* Assets.xcassets in Resources */ = {isa = PBXBuildFile; fileRef = 00D98E572CAF3D050008E0F1 /* Assets.xcassets */; };
		00D98E602CAF3D060008E0F1 /* SampledApp.swift in Sources */ = {isa = PBXBuildFile; fileRef = 00D98E5A2CAF3D050008E0F1 /* SampledApp.swift */; };
		00D98E612CAF3D060008E0F1 /* Standard.swift in Sources */ = {isa = PBXBuildFile; fileRef = 00D98E5B2CAF3D050008E0F1 /* Standard.swift */; };
		00D98EC72CAF47690008E0F1 /* LICENSE in Resources */ = {isa = PBXBuildFile; fileRef = 00D98EC62CAF47690008E0F1 /* LICENSE */; };
		00EF74A22E8DD2FA00EA0D19 /* GRDB in Frameworks */ = {isa = PBXBuildFile; productRef = 00EF74A12E8DD2FA00EA0D19 /* GRDB */; };
/* End PBXBuildFile section */

/* Begin PBXContainerItemProxy section */
		00EF74ED2E8DD70800EA0D19 /* PBXContainerItemProxy */ = {
			isa = PBXContainerItemProxy;
			containerPortal = 0017ED1C2BF17A38008B3D76 /* Project object */;
			proxyType = 1;
			remoteGlobalIDString = 0017ED232BF17A38008B3D76;
			remoteInfo = Sampled;
		};
		1B88DEA12EC68F2F007025D8 /* PBXContainerItemProxy */ = {
			isa = PBXContainerItemProxy;
			containerPortal = 1B88DE182EC68F2E007025D8 /* Vorbis.xcodeproj */;
			proxyType = 2;
			remoteGlobalIDString = 730F23F1091827B100AB638C;
			remoteInfo = Vorbis;
		};
		1B88DEA32EC68F2F007025D8 /* PBXContainerItemProxy */ = {
			isa = PBXContainerItemProxy;
			containerPortal = 1B88DE182EC68F2E007025D8 /* Vorbis.xcodeproj */;
			proxyType = 2;
			remoteGlobalIDString = 738835E40B18F870005C7A69;
			remoteInfo = "libvorbis (static)";
		};
		1B88DEA52EC68F2F007025D8 /* PBXContainerItemProxy */ = {
			isa = PBXContainerItemProxy;
			containerPortal = 1B88DE182EC68F2E007025D8 /* Vorbis.xcodeproj */;
			proxyType = 2;
			remoteGlobalIDString = 738836130B190488005C7A69;
			remoteInfo = "libvorbisenc (static)";
		};
		1B88DEA72EC68F2F007025D8 /* PBXContainerItemProxy */ = {
			isa = PBXContainerItemProxy;
			containerPortal = 1B88DE182EC68F2E007025D8 /* Vorbis.xcodeproj */;
			proxyType = 2;
			remoteGlobalIDString = 738836220B1905E5005C7A69;
			remoteInfo = "libvorbisfile (static)";
		};
		1BABF55A2EC6C38B007E6553 /* PBXContainerItemProxy */ = {
			isa = PBXContainerItemProxy;
			containerPortal = 1BABF2A62EC6C106007E6553 /* Vorbis.xcodeproj */;
			proxyType = 2;
			remoteGlobalIDString = 730F23F1091827B100AB638C;
			remoteInfo = Vorbis;
		};
		1BABF55C2EC6C38B007E6553 /* PBXContainerItemProxy */ = {
			isa = PBXContainerItemProxy;
			containerPortal = 1BABF2A62EC6C106007E6553 /* Vorbis.xcodeproj */;
			proxyType = 2;
			remoteGlobalIDString = 738835E40B18F870005C7A69;
			remoteInfo = "libvorbis (static)";
		};
		1BABF55E2EC6C38B007E6553 /* PBXContainerItemProxy */ = {
			isa = PBXContainerItemProxy;
			containerPortal = 1BABF2A62EC6C106007E6553 /* Vorbis.xcodeproj */;
			proxyType = 2;
			remoteGlobalIDString = 738836130B190488005C7A69;
			remoteInfo = "libvorbisenc (static)";
		};
		1BABF5602EC6C38B007E6553 /* PBXContainerItemProxy */ = {
			isa = PBXContainerItemProxy;
			containerPortal = 1BABF2A62EC6C106007E6553 /* Vorbis.xcodeproj */;
			proxyType = 2;
			remoteGlobalIDString = 738836220B1905E5005C7A69;
			remoteInfo = "libvorbisfile (static)";
		};
/* End PBXContainerItemProxy section */

/* Begin PBXFileReference section */
		00139F442F35384400E715AD /* SampledCore */ = {isa = PBXFileReference; lastKnownFileType = wrapper; path = SampledCore; sourceTree = "<group>"; };
		0017ED242BF17A38008B3D76 /* Sampled.app */ = {isa = PBXFileReference; explicitFileType = wrapper.application; includeInIndex = 0; path = Sampled.app; sourceTree = BUILT_PRODUCTS_DIR; };
		005810632BF40688009CB589 /* .gitignore */ = {isa = PBXFileReference; lastKnownFileType = text; path = .gitignore; sourceTree = "<group>"; };
		007949692F38062600B43C11 /* Core.swift */ = {isa = PBXFileReference; lastKnownFileType = sourcecode.swift; path = Core.swift; sourceTree = "<group>"; };
		007EE47F2FF059DE00336A4F /* flake.lock */ = {isa = PBXFileReference; lastKnownFileType = text; path = flake.lock; sourceTree = "<group>"; };
		007EE4802FF059DE00336A4F /* flake.nix */ = {isa = PBXFileReference; lastKnownFileType = text; path = flake.nix; sourceTree = "<group>"; };
		008E494B2F464AFD0058617B /* CONTRIBUTING.md */ = {isa = PBXFileReference; lastKnownFileType = net.daringfireball.markdown; path = CONTRIBUTING.md; sourceTree = "<group>"; xcLanguageSpecificationIdentifier = xcode.lang.markdown; };
		009526B02BF7C6C6006CB1D1 /* libm.tbd */ = {isa = PBXFileReference; lastKnownFileType = "sourcecode.text-based-dylib-definition"; name = libm.tbd; path = usr/lib/libm.tbd; sourceTree = SDKROOT; };
		00B31B092F36C6CB005D50F2 /* Info.plist */ = {isa = PBXFileReference; lastKnownFileType = text.plist.xml; path = Info.plist; sourceTree = "<group>"; };
		00BDFB322CB42B7C009D66A8 /* Localizable.xcstrings */ = {isa = PBXFileReference; lastKnownFileType = text.json.xcstrings; path = Localizable.xcstrings; sourceTree = "<group>"; };
		00D98E542CAF3C060008E0F1 /* README.md */ = {isa = PBXFileReference; lastKnownFileType = net.daringfireball.markdown; path = README.md; sourceTree = "<group>"; };
		00D98E552CAF3D050008E0F1 /* Preview Assets.xcassets */ = {isa = PBXFileReference; lastKnownFileType = folder.assetcatalog; path = "Preview Assets.xcassets"; sourceTree = "<group>"; };
		00D98E572CAF3D050008E0F1 /* Assets.xcassets */ = {isa = PBXFileReference; lastKnownFileType = folder.assetcatalog; path = Assets.xcassets; sourceTree = "<group>"; };
		00D98E592CAF3D050008E0F1 /* Sampled.entitlements */ = {isa = PBXFileReference; lastKnownFileType = text.plist.entitlements; path = Sampled.entitlements; sourceTree = "<group>"; };
		00D98E5A2CAF3D050008E0F1 /* SampledApp.swift */ = {isa = PBXFileReference; lastKnownFileType = sourcecode.swift; path = SampledApp.swift; sourceTree = "<group>"; };
		00D98E5B2CAF3D050008E0F1 /* Standard.swift */ = {isa = PBXFileReference; lastKnownFileType = sourcecode.swift; path = Standard.swift; sourceTree = "<group>"; };
		00D98EC62CAF47690008E0F1 /* LICENSE */ = {isa = PBXFileReference; lastKnownFileType = text; path = LICENSE; sourceTree = "<group>"; };
		00EF01A32BF32AAF008BF17B /* libz.tbd */ = {isa = PBXFileReference; lastKnownFileType = "sourcecode.text-based-dylib-definition"; name = libz.tbd; path = usr/lib/libz.tbd; sourceTree = SDKROOT; };
		00EF01A52BF32ACA008BF17B /* libiconv.tbd */ = {isa = PBXFileReference; lastKnownFileType = "sourcecode.text-based-dylib-definition"; name = libiconv.tbd; path = usr/lib/libiconv.tbd; sourceTree = SDKROOT; };
		00EF01A82BF32AF9008BF17B /* libbz2.tbd */ = {isa = PBXFileReference; lastKnownFileType = "sourcecode.text-based-dylib-definition"; name = libbz2.tbd; path = usr/lib/libbz2.tbd; sourceTree = SDKROOT; };
		00EF03182BF33485008BF17B /* AudioToolbox.framework */ = {isa = PBXFileReference; lastKnownFileType = wrapper.framework; name = AudioToolbox.framework; path = System/Library/Frameworks/AudioToolbox.framework; sourceTree = SDKROOT; };
		00EF031A2BF33496008BF17B /* VideoToolbox.framework */ = {isa = PBXFileReference; lastKnownFileType = wrapper.framework; name = VideoToolbox.framework; path = System/Library/Frameworks/VideoToolbox.framework; sourceTree = SDKROOT; };
		00EF031C2BF334A1008BF17B /* CoreFoundation.framework */ = {isa = PBXFileReference; lastKnownFileType = wrapper.framework; name = CoreFoundation.framework; path = System/Library/Frameworks/CoreFoundation.framework; sourceTree = SDKROOT; };
		00EF031E2BF334AD008BF17B /* CoreMedia.framework */ = {isa = PBXFileReference; lastKnownFileType = wrapper.framework; name = CoreMedia.framework; path = System/Library/Frameworks/CoreMedia.framework; sourceTree = SDKROOT; };
		00EF03202BF334BC008BF17B /* CoreVideo.framework */ = {isa = PBXFileReference; lastKnownFileType = wrapper.framework; name = CoreVideo.framework; path = System/Library/Frameworks/CoreVideo.framework; sourceTree = SDKROOT; };
		00EF03222BF334C4008BF17B /* CoreServices.framework */ = {isa = PBXFileReference; lastKnownFileType = wrapper.framework; name = CoreServices.framework; path = System/Library/Frameworks/CoreServices.framework; sourceTree = SDKROOT; };
		00EF03242BF33511008BF17B /* liblzma.tbd */ = {isa = PBXFileReference; lastKnownFileType = "sourcecode.text-based-dylib-definition"; name = liblzma.tbd; path = usr/lib/liblzma.tbd; sourceTree = SDKROOT; };
		00EF74E92E8DD70800EA0D19 /* SampledTests.xctest */ = {isa = PBXFileReference; explicitFileType = wrapper.cfbundle; includeInIndex = 0; path = SampledTests.xctest; sourceTree = BUILT_PRODUCTS_DIR; };
		1B88DE182EC68F2E007025D8 /* Vorbis.xcodeproj */ = {isa = PBXFileReference; lastKnownFileType = "wrapper.pb-project"; path = Vorbis.xcodeproj; sourceTree = "<group>"; };
		1BABF2A62EC6C106007E6553 /* Vorbis.xcodeproj */ = {isa = PBXFileReference; lastKnownFileType = "wrapper.pb-project"; path = Vorbis.xcodeproj; sourceTree = "<group>"; };
/* End PBXFileReference section */

/* Begin PBXFileSystemSynchronizedRootGroup section */
		00139FCC2F353A9000E715AD /* Configuration */ = {isa = PBXFileSystemSynchronizedRootGroup; explicitFileTypes = {}; explicitFolders = (); path = Configuration; sourceTree = "<group>"; };
		0013A04F2F353BB900E715AD /* Core */ = {isa = PBXFileSystemSynchronizedRootGroup; explicitFileTypes = {}; explicitFolders = (); path = Core; sourceTree = "<group>"; };
		0030BAB82CD17B8C0053BB6E /* Documentation */ = {isa = PBXFileSystemSynchronizedRootGroup; explicitFileTypes = {}; explicitFolders = (); path = Documentation; sourceTree = "<group>"; };
		00693F3E2E52CDBE008C7A38 /* Data */ = {isa = PBXFileSystemSynchronizedRootGroup; explicitFileTypes = {}; explicitFolders = (); path = Data; sourceTree = "<group>"; };
		007EE4872FF059DE00336A4F /* nix */ = {isa = PBXFileSystemSynchronizedRootGroup; explicitFileTypes = {}; explicitFolders = (); path = nix; sourceTree = "<group>"; };
		00D98C492CAEE7050008E0F1 /* Tools */ = {isa = PBXFileSystemSynchronizedRootGroup; explicitFileTypes = {}; explicitFolders = (); path = Tools; sourceTree = "<group>"; };
		00D98EB82CAF3D3C0008E0F1 /* UI */ = {isa = PBXFileSystemSynchronizedRootGroup; explicitFileTypes = {}; explicitFolders = (); path = UI; sourceTree = "<group>"; };
		00EF74EA2E8DD70800EA0D19 /* SampledTests */ = {isa = PBXFileSystemSynchronizedRootGroup; explicitFileTypes = {}; explicitFolders = (); path = SampledTests; sourceTree = "<group>"; };
/* End PBXFileSystemSynchronizedRootGroup section */

/* Begin PBXFrameworksBuildPhase section */
		0017ED212BF17A38008B3D76 /* Frameworks */ = {
			isa = PBXFrameworksBuildPhase;
			buildActionMask = 2147483647;
			files = (
				008E48C82F464AB50058617B /* IdentifiedCollections in Frameworks */,
				0018CD3F2FAC1FFD00C305B0 /* Yams in Frameworks */,
				00C7BCCC2CE003730094F057 /* Algorithms in Frameworks */,
				004D12222FAC08CC0027B11D /* HTTPTypes in Frameworks */,
				0013A0552F353DC300E715AD /* SampledCore in Frameworks */,
				00EF74A22E8DD2FA00EA0D19 /* GRDB in Frameworks */,
				004D121F2FABE5AF0027B11D /* SampledOpenSubsonicAPI in Frameworks */,
				0018CE182FAC4BAF00C305B0 /* OpenAPIKit30 in Frameworks */,
				0040AFD32E76063500F33735 /* FractionalIndex in Frameworks */,
			);
			runOnlyForDeploymentPostprocessing = 0;
		};
		00EF74E62E8DD70800EA0D19 /* Frameworks */ = {
			isa = PBXFrameworksBuildPhase;
			buildActionMask = 2147483647;
			files = (
				00747F2C2E94A3DE0024DCBE /* PropertyBased in Frameworks */,
			);
			runOnlyForDeploymentPostprocessing = 0;
		};
/* End PBXFrameworksBuildPhase section */

/* Begin PBXGroup section */
		0017ED1B2BF17A38008B3D76 = {
			isa = PBXGroup;
			children = (
				00D98E542CAF3C060008E0F1 /* README.md */,
				008E494B2F464AFD0058617B /* CONTRIBUTING.md */,
				00D98EC62CAF47690008E0F1 /* LICENSE */,
				007EE4802FF059DE00336A4F /* flake.nix */,
				007EE47F2FF059DE00336A4F /* flake.lock */,
				005810632BF40688009CB589 /* .gitignore */,
				00D98E5C2CAF3D050008E0F1 /* Sampled */,
				00139F442F35384400E715AD /* SampledCore */,
				00139FCC2F353A9000E715AD /* Configuration */,
				00D98C492CAEE7050008E0F1 /* Tools */,
				0030BAB82CD17B8C0053BB6E /* Documentation */,
				00EF74EA2E8DD70800EA0D19 /* SampledTests */,
				007EE4872FF059DE00336A4F /* nix */,
				0017ED252BF17A38008B3D76 /* Products */,
				00EF01A22BF32AAF008BF17B /* Frameworks */,
			);
			indentWidth = 2;
			sourceTree = "<group>";
			tabWidth = 2;
		};
		0017ED252BF17A38008B3D76 /* Products */ = {
			isa = PBXGroup;
			children = (
				0017ED242BF17A38008B3D76 /* Sampled.app */,
				00EF74E92E8DD70800EA0D19 /* SampledTests.xctest */,
			);
			name = Products;
			sourceTree = "<group>";
		};
		00D98E562CAF3D050008E0F1 /* Preview Content */ = {
			isa = PBXGroup;
			children = (
				00D98E552CAF3D050008E0F1 /* Preview Assets.xcassets */,
			);
			path = "Preview Content";
			sourceTree = "<group>";
		};
		00D98E5C2CAF3D050008E0F1 /* Sampled */ = {
			isa = PBXGroup;
			children = (
				00D98E5A2CAF3D050008E0F1 /* SampledApp.swift */,
				00D98E5B2CAF3D050008E0F1 /* Standard.swift */,
				007949692F38062600B43C11 /* Core.swift */,
				0013A04F2F353BB900E715AD /* Core */,
				00D98EB82CAF3D3C0008E0F1 /* UI */,
				00693F3E2E52CDBE008C7A38 /* Data */,
				00D98E562CAF3D050008E0F1 /* Preview Content */,
				00B31B092F36C6CB005D50F2 /* Info.plist */,
				00D98E572CAF3D050008E0F1 /* Assets.xcassets */,
				00D98E592CAF3D050008E0F1 /* Sampled.entitlements */,
				00BDFB322CB42B7C009D66A8 /* Localizable.xcstrings */,
			);
			path = Sampled;
			sourceTree = "<group>";
		};
		00EF01A22BF32AAF008BF17B /* Frameworks */ = {
			isa = PBXGroup;
			children = (
				009526B02BF7C6C6006CB1D1 /* libm.tbd */,
				00EF03242BF33511008BF17B /* liblzma.tbd */,
				00EF03222BF334C4008BF17B /* CoreServices.framework */,
				00EF03202BF334BC008BF17B /* CoreVideo.framework */,
				00EF031E2BF334AD008BF17B /* CoreMedia.framework */,
				00EF031C2BF334A1008BF17B /* CoreFoundation.framework */,
				00EF031A2BF33496008BF17B /* VideoToolbox.framework */,
				00EF03182BF33485008BF17B /* AudioToolbox.framework */,
				00EF01A82BF32AF9008BF17B /* libbz2.tbd */,
				00EF01A52BF32ACA008BF17B /* libiconv.tbd */,
				00EF01A32BF32AAF008BF17B /* libz.tbd */,
			);
			name = Frameworks;
			sourceTree = "<group>";
		};
		1B88DE922EC68F2E007025D8 /* Products */ = {
			isa = PBXGroup;
			children = (
				1B88DEA22EC68F2F007025D8 /* Vorbis.framework */,
				1B88DEA42EC68F2F007025D8 /* libvorbis.a */,
				1B88DEA62EC68F2F007025D8 /* libvorbisenc.a */,
				1B88DEA82EC68F2F007025D8 /* libvorbisfile.a */,
			);
			name = Products;
			sourceTree = "<group>";
		};
		1BABF5502EC6C106007E6553 /* Products */ = {
			isa = PBXGroup;
			children = (
				1BABF55B2EC6C38B007E6553 /* Vorbis.framework */,
				1BABF55D2EC6C38B007E6553 /* libvorbis.a */,
				1BABF55F2EC6C38B007E6553 /* libvorbisenc.a */,
				1BABF5612EC6C38B007E6553 /* libvorbisfile.a */,
			);
			name = Products;
			sourceTree = "<group>";
		};
/* End PBXGroup section */

/* Begin PBXNativeTarget section */
		0017ED232BF17A38008B3D76 /* Sampled */ = {
			isa = PBXNativeTarget;
			buildConfigurationList = 0017ED332BF17A3D008B3D76 /* Build configuration list for PBXNativeTarget "Sampled" */;
			buildPhases = (
				0047204F2FEF708800A56A32 /* Build External Dependencies */,
				0017ED202BF17A38008B3D76 /* Sources */,
				0017ED212BF17A38008B3D76 /* Frameworks */,
				0017ED222BF17A38008B3D76 /* Resources */,
			);
			buildRules = (
			);
			dependencies = (
			);
			fileSystemSynchronizedGroups = (
				0013A04F2F353BB900E715AD /* Core */,
				00693F3E2E52CDBE008C7A38 /* Data */,
				00D98EB82CAF3D3C0008E0F1 /* UI */,
			);
			name = Sampled;
			packageProductDependencies = (
				00C7BCCB2CE003730094F057 /* Algorithms */,
				0040AFD22E76063500F33735 /* FractionalIndex */,
				00EF74A12E8DD2FA00EA0D19 /* GRDB */,
				0013A0542F353DC300E715AD /* SampledCore */,
				008E48C72F464AB50058617B /* IdentifiedCollections */,
				004D121E2FABE5AF0027B11D /* SampledOpenSubsonicAPI */,
				004D12212FAC08CC0027B11D /* HTTPTypes */,
				0018CD3E2FAC1FFD00C305B0 /* Yams */,
				0018CE172FAC4BAF00C305B0 /* OpenAPIKit30 */,
			);
			productName = Forward;
			productReference = 0017ED242BF17A38008B3D76 /* Sampled.app */;
			productType = "com.apple.product-type.application";
		};
		00EF74E82E8DD70800EA0D19 /* SampledTests */ = {
			isa = PBXNativeTarget;
			buildConfigurationList = 00EF74EF2E8DD70800EA0D19 /* Build configuration list for PBXNativeTarget "SampledTests" */;
			buildPhases = (
				00EF74E52E8DD70800EA0D19 /* Sources */,
				00EF74E62E8DD70800EA0D19 /* Frameworks */,
				00EF74E72E8DD70800EA0D19 /* Resources */,
			);
			buildRules = (
			);
			dependencies = (
				00EF74EE2E8DD70800EA0D19 /* PBXTargetDependency */,
			);
			fileSystemSynchronizedGroups = (
				00EF74EA2E8DD70800EA0D19 /* SampledTests */,
			);
			name = SampledTests;
			packageProductDependencies = (
				00747F2B2E94A3DE0024DCBE /* PropertyBased */,
			);
			productName = SampledTests;
			productReference = 00EF74E92E8DD70800EA0D19 /* SampledTests.xctest */;
			productType = "com.apple.product-type.bundle.unit-test";
		};
/* End PBXNativeTarget section */

/* Begin PBXProject section */
		0017ED1C2BF17A38008B3D76 /* Project object */ = {
			isa = PBXProject;
			attributes = {
				BuildIndependentTargetsInParallel = 1;
				LastSwiftUpdateCheck = 2610;
				LastUpgradeCheck = 2600;
				TargetAttributes = {
					0017ED232BF17A38008B3D76 = {
						CreatedOnToolsVersion = 15.4;
					};
					00EF74E82E8DD70800EA0D19 = {
						CreatedOnToolsVersion = 26.1;
						TestTargetID = 0017ED232BF17A38008B3D76;
					};
				};
			};
			buildConfigurationList = 0017ED1F2BF17A38008B3D76 /* Build configuration list for PBXProject "Sampled" */;
			compatibilityVersion = "Xcode 14.0";
			developmentRegion = en;
			hasScannedForEncodings = 0;
			knownRegions = (
				en,
				Base,
			);
			mainGroup = 0017ED1B2BF17A38008B3D76;
			packageReferences = (
				00D98C3F2CAE5B180008E0F1 /* XCRemoteSwiftPackageReference "swift-algorithms" */,
				0040AFD12E76063500F33735 /* XCRemoteSwiftPackageReference "FractionalIndex" */,
				00EF74A02E8DD2FA00EA0D19 /* XCRemoteSwiftPackageReference "GRDB.swift" */,
				00EF74A32E8DD33800EA0D19 /* XCRemoteSwiftPackageReference "swift-property-based" */,
				008E48C62F464AB50058617B /* XCRemoteSwiftPackageReference "swift-identified-collections" */,
				004D12202FAC08CB0027B11D /* XCRemoteSwiftPackageReference "swift-http-types" */,
				0018CD3D2FAC1FFC00C305B0 /* XCRemoteSwiftPackageReference "Yams" */,
				0018CE162FAC4BAF00C305B0 /* XCRemoteSwiftPackageReference "OpenAPIKit" */,
			);
			productRefGroup = 0017ED252BF17A38008B3D76 /* Products */;
			projectDirPath = "";
			projectReferences = (
				{
					ProductGroup = 1B88DE922EC68F2E007025D8 /* Products */;
					ProjectRef = 1B88DE182EC68F2E007025D8 /* Vorbis.xcodeproj */;
				},
				{
					ProductGroup = 1BABF5502EC6C106007E6553 /* Products */;
					ProjectRef = 1BABF2A62EC6C106007E6553 /* Vorbis.xcodeproj */;
				},
			);
			projectRoot = "";
			targets = (
				0017ED232BF17A38008B3D76 /* Sampled */,
				00EF74E82E8DD70800EA0D19 /* SampledTests */,
			);
		};
/* End PBXProject section */

/* Begin PBXReferenceProxy section */
		1B88DEA22EC68F2F007025D8 /* Vorbis.framework */ = {
			isa = PBXReferenceProxy;
			fileType = wrapper.framework;
			path = Vorbis.framework;
			remoteRef = 1B88DEA12EC68F2F007025D8 /* PBXContainerItemProxy */;
			sourceTree = BUILT_PRODUCTS_DIR;
		};
		1B88DEA42EC68F2F007025D8 /* libvorbis.a */ = {
			isa = PBXReferenceProxy;
			fileType = archive.ar;
			path = libvorbis.a;
			remoteRef = 1B88DEA32EC68F2F007025D8 /* PBXContainerItemProxy */;
			sourceTree = BUILT_PRODUCTS_DIR;
		};
		1B88DEA62EC68F2F007025D8 /* libvorbisenc.a */ = {
			isa = PBXReferenceProxy;
			fileType = archive.ar;
			path = libvorbisenc.a;
			remoteRef = 1B88DEA52EC68F2F007025D8 /* PBXContainerItemProxy */;
			sourceTree = BUILT_PRODUCTS_DIR;
		};
		1B88DEA82EC68F2F007025D8 /* libvorbisfile.a */ = {
			isa = PBXReferenceProxy;
			fileType = archive.ar;
			path = libvorbisfile.a;
			remoteRef = 1B88DEA72EC68F2F007025D8 /* PBXContainerItemProxy */;
			sourceTree = BUILT_PRODUCTS_DIR;
		};
		1BABF55B2EC6C38B007E6553 /* Vorbis.framework */ = {
			isa = PBXReferenceProxy;
			fileType = wrapper.framework;
			path = Vorbis.framework;
			remoteRef = 1BABF55A2EC6C38B007E6553 /* PBXContainerItemProxy */;
			sourceTree = BUILT_PRODUCTS_DIR;
		};
		1BABF55D2EC6C38B007E6553 /* libvorbis.a */ = {
			isa = PBXReferenceProxy;
			fileType = archive.ar;
			path = libvorbis.a;
			remoteRef = 1BABF55C2EC6C38B007E6553 /* PBXContainerItemProxy */;
			sourceTree = BUILT_PRODUCTS_DIR;
		};
		1BABF55F2EC6C38B007E6553 /* libvorbisenc.a */ = {
			isa = PBXReferenceProxy;
			fileType = archive.ar;
			path = libvorbisenc.a;
			remoteRef = 1BABF55E2EC6C38B007E6553 /* PBXContainerItemProxy */;
			sourceTree = BUILT_PRODUCTS_DIR;
		};
		1BABF5612EC6C38B007E6553 /* libvorbisfile.a */ = {
			isa = PBXReferenceProxy;
			fileType = archive.ar;
			path = libvorbisfile.a;
			remoteRef = 1BABF5602EC6C38B007E6553 /* PBXContainerItemProxy */;
			sourceTree = BUILT_PRODUCTS_DIR;
		};
/* End PBXReferenceProxy section */

/* Begin PBXResourcesBuildPhase section */
		0017ED222BF17A38008B3D76 /* Resources */ = {
			isa = PBXResourcesBuildPhase;
			buildActionMask = 2147483647;
			files = (
				00D98EC72CAF47690008E0F1 /* LICENSE in Resources */,
				00D98E5D2CAF3D060008E0F1 /* Preview Assets.xcassets in Resources */,
				00BDFB332CB42B7C009D66A8 /* Localizable.xcstrings in Resources */,
				00D98E5E2CAF3D060008E0F1 /* Assets.xcassets in Resources */,
			);
			runOnlyForDeploymentPostprocessing = 0;
		};
		00EF74E72E8DD70800EA0D19 /* Resources */ = {
			isa = PBXResourcesBuildPhase;
			buildActionMask = 2147483647;
			files = (
			);
			runOnlyForDeploymentPostprocessing = 0;
		};
/* End PBXResourcesBuildPhase section */

/* Begin PBXShellScriptBuildPhase section */
		0047204F2FEF708800A56A32 /* Build External Dependencies */ = {
			isa = PBXShellScriptBuildPhase;
			alwaysOutOfDate = 1;
			buildActionMask = 2147483647;
			files = (
			);
			inputFileListPaths = (
			);
			inputPaths = (
			);
			name = "Build External Dependencies";
			outputFileListPaths = (
			);
			outputPaths = (
			);
			runOnlyForDeploymentPostprocessing = 0;
			shellPath = /bin/sh;
			shellScript = "#!/bin/sh\n\nset -e\n\n./Tools/xcode-setup.sh\n";
		};
/* End PBXShellScriptBuildPhase section */

/* Begin PBXSourcesBuildPhase section */
		0017ED202BF17A38008B3D76 /* Sources */ = {
			isa = PBXSourcesBuildPhase;
			buildActionMask = 2147483647;
			files = (
				00D98E602CAF3D060008E0F1 /* SampledApp.swift in Sources */,
				00D98E612CAF3D060008E0F1 /* Standard.swift in Sources */,
				0079496A2F38062600B43C11 /* Core.swift in Sources */,
			);
			runOnlyForDeploymentPostprocessing = 0;
		};
		00EF74E52E8DD70800EA0D19 /* Sources */ = {
			isa = PBXSourcesBuildPhase;
			buildActionMask = 2147483647;
			files = (
			);
			runOnlyForDeploymentPostprocessing = 0;
		};
/* End PBXSourcesBuildPhase section */

/* Begin PBXTargetDependency section */
		00EF74EE2E8DD70800EA0D19 /* PBXTargetDependency */ = {
			isa = PBXTargetDependency;
			target = 0017ED232BF17A38008B3D76 /* Sampled */;
			targetProxy = 00EF74ED2E8DD70800EA0D19 /* PBXContainerItemProxy */;
		};
/* End PBXTargetDependency section */

/* Begin XCBuildConfiguration section */
		0017ED312BF17A3D008B3D76 /* Debug */ = {
			isa = XCBuildConfiguration;
			baseConfigurationReferenceAnchor = 00139FCC2F353A9000E715AD /* Configuration */;
			baseConfigurationReferenceRelativePath = SampledDebug.xcconfig;
			buildSettings = {
				ALWAYS_SEARCH_USER_PATHS = NO;
				ASSETCATALOG_COMPILER_GENERATE_SWIFT_ASSET_SYMBOL_EXTENSIONS = YES;
				CLANG_ANALYZER_NONNULL = YES;
				CLANG_ANALYZER_NUMBER_OBJECT_CONVERSION = YES_AGGRESSIVE;
				CLANG_CXX_LANGUAGE_STANDARD = "gnu++20";
				CLANG_ENABLE_MODULES = YES;
				CLANG_ENABLE_OBJC_ARC = YES;
				CLANG_ENABLE_OBJC_WEAK = YES;
				CLANG_WARN_BLOCK_CAPTURE_AUTORELEASING = YES;
				CLANG_WARN_BOOL_CONVERSION = YES;
				CLANG_WARN_COMMA = YES;
				CLANG_WARN_CONSTANT_CONVERSION = YES;
				CLANG_WARN_DEPRECATED_OBJC_IMPLEMENTATIONS = YES;
				CLANG_WARN_DIRECT_OBJC_ISA_USAGE = YES_ERROR;
				CLANG_WARN_DOCUMENTATION_COMMENTS = YES;
				CLANG_WARN_EMPTY_BODY = YES;
				CLANG_WARN_ENUM_CONVERSION = YES;
				CLANG_WARN_INFINITE_RECURSION = YES;
				CLANG_WARN_INT_CONVERSION = YES;
				CLANG_WARN_NON_LITERAL_NULL_CONVERSION = YES;
				CLANG_WARN_OBJC_IMPLICIT_RETAIN_SELF = YES;
				CLANG_WARN_OBJC_LITERAL_CONVERSION = YES;
				CLANG_WARN_OBJC_ROOT_CLASS = YES_ERROR;
				CLANG_WARN_QUOTED_INCLUDE_IN_FRAMEWORK_HEADER = YES;
				CLANG_WARN_RANGE_LOOP_ANALYSIS = YES;
				CLANG_WARN_STRICT_PROTOTYPES = YES;
				CLANG_WARN_SUSPICIOUS_MOVE = YES;
				CLANG_WARN_UNGUARDED_AVAILABILITY = YES_AGGRESSIVE;
				CLANG_WARN_UNREACHABLE_CODE = YES;
				CLANG_WARN__DUPLICATE_METHOD_MATCH = YES;
				COPY_PHASE_STRIP = NO;
				DEAD_CODE_STRIPPING = YES;
				DEBUG_INFORMATION_FORMAT = dwarf;
				DEVELOPMENT_TEAM = UYJ357XWK6;
				ENABLE_STRICT_OBJC_MSGSEND = YES;
				ENABLE_TESTABILITY = YES;
				ENABLE_TESTING_SEARCH_PATHS = YES;
				ENABLE_USER_SCRIPT_SANDBOXING = YES;
				GCC_C_LANGUAGE_STANDARD = gnu17;
				GCC_DYNAMIC_NO_PIC = NO;
				GCC_NO_COMMON_BLOCKS = YES;
				GCC_OPTIMIZATION_LEVEL = 0;
				GCC_PREPROCESSOR_DEFINITIONS = (
					"DEBUG=1",
					"$(inherited)",
				);
				GCC_WARN_64_TO_32_BIT_CONVERSION = YES;
				GCC_WARN_ABOUT_RETURN_TYPE = YES_ERROR;
				GCC_WARN_UNDECLARED_SELECTOR = YES;
				GCC_WARN_UNINITIALIZED_AUTOS = YES_AGGRESSIVE;
				GCC_WARN_UNUSED_FUNCTION = YES;
				GCC_WARN_UNUSED_VARIABLE = YES;
				LIBRARY_SEARCH_PATHS = "$(PROJECT_DIR)/SampledCore/Sources/CFFmpeg/$(CURRENT_ARCH)/lib";
				LOCALIZATION_PREFERS_STRING_CATALOGS = YES;
				MACOSX_DEPLOYMENT_TARGET = 14.4;
				MERGED_BINARY_TYPE = automatic;
				MTL_ENABLE_DEBUG_INFO = INCLUDE_SOURCE;
				MTL_FAST_MATH = YES;
				ONLY_ACTIVE_ARCH = YES;
				SDKROOT = macosx;
				STRING_CATALOG_GENERATE_SYMBOLS = YES;
				SWIFT_ACTIVE_COMPILATION_CONDITIONS = "DEBUG $(inherited)";
				SWIFT_EMIT_LOC_STRINGS = YES;
				SWIFT_OPTIMIZATION_LEVEL = "-Onone";
				SWIFT_UPCOMING_FEATURE_EXISTENTIAL_ANY = YES;
				SWIFT_UPCOMING_FEATURE_MEMBER_IMPORT_VISIBILITY = YES;
				SWIFT_VERSION = 6.0;
			};
			name = Debug;
		};
		0017ED322BF17A3D008B3D76 /* Release */ = {
			isa = XCBuildConfiguration;
			baseConfigurationReferenceAnchor = 00139FCC2F353A9000E715AD /* Configuration */;
			baseConfigurationReferenceRelativePath = SampledRelease.xcconfig;
			buildSettings = {
				ALWAYS_SEARCH_USER_PATHS = NO;
				ASSETCATALOG_COMPILER_GENERATE_SWIFT_ASSET_SYMBOL_EXTENSIONS = YES;
				CLANG_ANALYZER_NONNULL = YES;
				CLANG_ANALYZER_NUMBER_OBJECT_CONVERSION = YES_AGGRESSIVE;
				CLANG_CXX_LANGUAGE_STANDARD = "gnu++20";
				CLANG_ENABLE_MODULES = YES;
				CLANG_ENABLE_OBJC_ARC = YES;
				CLANG_ENABLE_OBJC_WEAK = YES;
				CLANG_WARN_BLOCK_CAPTURE_AUTORELEASING = YES;
				CLANG_WARN_BOOL_CONVERSION = YES;
				CLANG_WARN_COMMA = YES;
				CLANG_WARN_CONSTANT_CONVERSION = YES;
				CLANG_WARN_DEPRECATED_OBJC_IMPLEMENTATIONS = YES;
				CLANG_WARN_DIRECT_OBJC_ISA_USAGE = YES_ERROR;
				CLANG_WARN_DOCUMENTATION_COMMENTS = YES;
				CLANG_WARN_EMPTY_BODY = YES;
				CLANG_WARN_ENUM_CONVERSION = YES;
				CLANG_WARN_INFINITE_RECURSION = YES;
				CLANG_WARN_INT_CONVERSION = YES;
				CLANG_WARN_NON_LITERAL_NULL_CONVERSION = YES;
				CLANG_WARN_OBJC_IMPLICIT_RETAIN_SELF = YES;
				CLANG_WARN_OBJC_LITERAL_CONVERSION = YES;
				CLANG_WARN_OBJC_ROOT_CLASS = YES_ERROR;
				CLANG_WARN_QUOTED_INCLUDE_IN_FRAMEWORK_HEADER = YES;
				CLANG_WARN_RANGE_LOOP_ANALYSIS = YES;
				CLANG_WARN_STRICT_PROTOTYPES = YES;
				CLANG_WARN_SUSPICIOUS_MOVE = YES;
				CLANG_WARN_UNGUARDED_AVAILABILITY = YES_AGGRESSIVE;
				CLANG_WARN_UNREACHABLE_CODE = YES;
				CLANG_WARN__DUPLICATE_METHOD_MATCH = YES;
				COPY_PHASE_STRIP = NO;
				DEAD_CODE_STRIPPING = YES;
				DEBUG_INFORMATION_FORMAT = "dwarf-with-dsym";
				DEVELOPMENT_TEAM = UYJ357XWK6;
				ENABLE_NS_ASSERTIONS = NO;
				ENABLE_STRICT_OBJC_MSGSEND = YES;
				ENABLE_TESTING_SEARCH_PATHS = YES;
				ENABLE_USER_SCRIPT_SANDBOXING = YES;
				GCC_C_LANGUAGE_STANDARD = gnu17;
				GCC_NO_COMMON_BLOCKS = YES;
				GCC_WARN_64_TO_32_BIT_CONVERSION = YES;
				GCC_WARN_ABOUT_RETURN_TYPE = YES_ERROR;
				GCC_WARN_UNDECLARED_SELECTOR = YES;
				GCC_WARN_UNINITIALIZED_AUTOS = YES_AGGRESSIVE;
				GCC_WARN_UNUSED_FUNCTION = YES;
				GCC_WARN_UNUSED_VARIABLE = YES;
				LIBRARY_SEARCH_PATHS = "$(PROJECT_DIR)/SampledCore/Sources/CFFmpeg/$(CURRENT_ARCH)/lib";
				LOCALIZATION_PREFERS_STRING_CATALOGS = YES;
				MACOSX_DEPLOYMENT_TARGET = 14.4;
				MERGED_BINARY_TYPE = automatic;
				MTL_ENABLE_DEBUG_INFO = NO;
				MTL_FAST_MATH = YES;
				SDKROOT = macosx;
				STRING_CATALOG_GENERATE_SYMBOLS = YES;
				SWIFT_COMPILATION_MODE = wholemodule;
				SWIFT_EMIT_LOC_STRINGS = YES;
				SWIFT_UPCOMING_FEATURE_EXISTENTIAL_ANY = YES;
				SWIFT_UPCOMING_FEATURE_MEMBER_IMPORT_VISIBILITY = YES;
				SWIFT_VERSION = 6.0;
			};
			name = Release;
		};
		0017ED342BF17A3D008B3D76 /* Debug */ = {
			isa = XCBuildConfiguration;
			buildSettings = {
				ASSETCATALOG_COMPILER_APPICON_NAME = AppIcon;
				ASSETCATALOG_COMPILER_GLOBAL_ACCENT_COLOR_NAME = AccentColor;
				CODE_SIGN_ENTITLEMENTS = Sampled/Sampled.entitlements;
				CODE_SIGN_IDENTITY = "Apple Development";
				CODE_SIGN_STYLE = Automatic;
				COMBINE_HIDPI_IMAGES = YES;
				CURRENT_PROJECT_VERSION = 1;
				DEAD_CODE_STRIPPING = YES;
				DEVELOPMENT_ASSET_PATHS = "$(PROJECT_NAME)/$(PROJECT_NAME).entitlements";
				DEVELOPMENT_TEAM = UYJ357XWK6;
				ENABLE_APP_SANDBOX = YES;
				ENABLE_HARDENED_RUNTIME = YES;
				ENABLE_INCOMING_NETWORK_CONNECTIONS = NO;
				ENABLE_OUTGOING_NETWORK_CONNECTIONS = YES;
				ENABLE_PREVIEWS = YES;
				ENABLE_RESOURCE_ACCESS_AUDIO_INPUT = NO;
				ENABLE_RESOURCE_ACCESS_BLUETOOTH = NO;
				ENABLE_RESOURCE_ACCESS_CALENDARS = NO;
				ENABLE_RESOURCE_ACCESS_CAMERA = NO;
				ENABLE_RESOURCE_ACCESS_CONTACTS = NO;
				ENABLE_RESOURCE_ACCESS_LOCATION = NO;
				ENABLE_RESOURCE_ACCESS_PRINTING = NO;
				ENABLE_RESOURCE_ACCESS_USB = NO;
				ENABLE_USER_SCRIPT_SANDBOXING = NO;
				ENABLE_USER_SELECTED_FILES = readonly;
				GENERATE_INFOPLIST_FILE = YES;
				INFOPLIST_FILE = Sampled/Info.plist;
				INFOPLIST_KEY_NSHumanReadableCopyright = "";
				INFOPLIST_KEY_NSLocalNetworkUsageDescription = TODO;
				LD_RUNPATH_SEARCH_PATHS = (
					"$(inherited)",
					"@executable_path/../Frameworks",
				);
				MACOSX_DEPLOYMENT_TARGET = 15.0;
				MARKETING_VERSION = 0.1.0;
				PRODUCT_BUNDLE_IDENTIFIER = "$(PRODUCT_BUNDLE_IDENTIFIER)";
				PRODUCT_NAME = "$(TARGET_NAME)";
				PROVISIONING_PROFILE_SPECIFIER = "";
				SWIFT_EMIT_LOC_STRINGS = YES;
			};
			name = Debug;
		};
		0017ED352BF17A3D008B3D76 /* Release */ = {
			isa = XCBuildConfiguration;
			buildSettings = {
				ASSETCATALOG_COMPILER_APPICON_NAME = AppIcon;
				ASSETCATALOG_COMPILER_GLOBAL_ACCENT_COLOR_NAME = AccentColor;
				CODE_SIGN_ENTITLEMENTS = Sampled/Sampled.entitlements;
				CODE_SIGN_IDENTITY = "Apple Development";
				CODE_SIGN_STYLE = Automatic;
				COMBINE_HIDPI_IMAGES = YES;
				CURRENT_PROJECT_VERSION = 1;
				DEAD_CODE_STRIPPING = YES;
				DEVELOPMENT_ASSET_PATHS = "$(PROJECT_NAME)/$(PROJECT_NAME).entitlements";
				DEVELOPMENT_TEAM = UYJ357XWK6;
				ENABLE_APP_SANDBOX = YES;
				ENABLE_HARDENED_RUNTIME = YES;
				ENABLE_INCOMING_NETWORK_CONNECTIONS = NO;
				ENABLE_OUTGOING_NETWORK_CONNECTIONS = YES;
				ENABLE_PREVIEWS = YES;
				ENABLE_RESOURCE_ACCESS_AUDIO_INPUT = NO;
				ENABLE_RESOURCE_ACCESS_BLUETOOTH = NO;
				ENABLE_RESOURCE_ACCESS_CALENDARS = NO;
				ENABLE_RESOURCE_ACCESS_CAMERA = NO;
				ENABLE_RESOURCE_ACCESS_CONTACTS = NO;
				ENABLE_RESOURCE_ACCESS_LOCATION = NO;
				ENABLE_RESOURCE_ACCESS_PRINTING = NO;
				ENABLE_RESOURCE_ACCESS_USB = NO;
				ENABLE_USER_SCRIPT_SANDBOXING = NO;
				ENABLE_USER_SELECTED_FILES = readonly;
				GENERATE_INFOPLIST_FILE = YES;
				INFOPLIST_FILE = Sampled/Info.plist;
				INFOPLIST_KEY_NSHumanReadableCopyright = "";
				INFOPLIST_KEY_NSLocalNetworkUsageDescription = TODO;
				LD_RUNPATH_SEARCH_PATHS = (
					"$(inherited)",
					"@executable_path/../Frameworks",
				);
				MACOSX_DEPLOYMENT_TARGET = 15.0;
				MARKETING_VERSION = 0.1.0;
				PRODUCT_BUNDLE_IDENTIFIER = "$(PRODUCT_BUNDLE_IDENTIFIER)";
				PRODUCT_NAME = "$(TARGET_NAME)";
				PROVISIONING_PROFILE_SPECIFIER = "";
				SWIFT_EMIT_LOC_STRINGS = YES;
			};
			name = Release;
		};
		00EF74F02E8DD70800EA0D19 /* Debug */ = {
			isa = XCBuildConfiguration;
			buildSettings = {
				BUNDLE_LOADER = "$(TEST_HOST)";
				CODE_SIGN_STYLE = Automatic;
				CURRENT_PROJECT_VERSION = 1;
				DEVELOPMENT_TEAM = UYJ357XWK6;
				FRAMEWORK_SEARCH_PATHS = "$(inherited)";
				GENERATE_INFOPLIST_FILE = YES;
				MACOSX_DEPLOYMENT_TARGET = 15.7;
				MARKETING_VERSION = 1.0;
				PRODUCT_BUNDLE_IDENTIFIER = com.kyleerhabor.SampledTests;
				PRODUCT_NAME = "$(TARGET_NAME)";
				STRING_CATALOG_GENERATE_SYMBOLS = NO;
				SWIFT_APPROACHABLE_CONCURRENCY = YES;
				SWIFT_EMIT_LOC_STRINGS = NO;
				SWIFT_UPCOMING_FEATURE_MEMBER_IMPORT_VISIBILITY = YES;
				SWIFT_VERSION = 5.0;
				TEST_HOST = "$(BUILT_PRODUCTS_DIR)/Sampled.app/$(BUNDLE_EXECUTABLE_FOLDER_PATH)/Sampled";
			};
			name = Debug;
		};
		00EF74F12E8DD70800EA0D19 /* Release */ = {
			isa = XCBuildConfiguration;
			buildSettings = {
				BUNDLE_LOADER = "$(TEST_HOST)";
				CODE_SIGN_STYLE = Automatic;
				CURRENT_PROJECT_VERSION = 1;
				DEVELOPMENT_TEAM = UYJ357XWK6;
				FRAMEWORK_SEARCH_PATHS = "$(inherited)";
				GENERATE_INFOPLIST_FILE = YES;
				MACOSX_DEPLOYMENT_TARGET = 15.7;
				MARKETING_VERSION = 1.0;
				PRODUCT_BUNDLE_IDENTIFIER = com.kyleerhabor.SampledTests;
				PRODUCT_NAME = "$(TARGET_NAME)";
				STRING_CATALOG_GENERATE_SYMBOLS = NO;
				SWIFT_APPROACHABLE_CONCURRENCY = YES;
				SWIFT_EMIT_LOC_STRINGS = NO;
				SWIFT_UPCOMING_FEATURE_MEMBER_IMPORT_VISIBILITY = YES;
				SWIFT_VERSION = 5.0;
				TEST_HOST = "$(BUILT_PRODUCTS_DIR)/Sampled.app/$(BUNDLE_EXECUTABLE_FOLDER_PATH)/Sampled";
			};
			name = Release;
		};
/* End XCBuildConfiguration section */

/* Begin XCConfigurationList section */
		0017ED1F2BF17A38008B3D76 /* Build configuration list for PBXProject "Sampled" */ = {
			isa = XCConfigurationList;
			buildConfigurations = (
				0017ED312BF17A3D008B3D76 /* Debug */,
				0017ED322BF17A3D008B3D76 /* Release */,
			);
			defaultConfigurationIsVisible = 0;
			defaultConfigurationName = Release;
		};
		0017ED332BF17A3D008B3D76 /* Build configuration list for PBXNativeTarget "Sampled" */ = {
			isa = XCConfigurationList;
			buildConfigurations = (
				0017ED342BF17A3D008B3D76 /* Debug */,
				0017ED352BF17A3D008B3D76 /* Release */,
			);
			defaultConfigurationIsVisible = 0;
			defaultConfigurationName = Release;
		};
		00EF74EF2E8DD70800EA0D19 /* Build configuration list for PBXNativeTarget "SampledTests" */ = {
			isa = XCConfigurationList;
			buildConfigurations = (
				00EF74F02E8DD70800EA0D19 /* Debug */,
				00EF74F12E8DD70800EA0D19 /* Release */,
			);
			defaultConfigurationIsVisible = 0;
			defaultConfigurationName = Release;
		};
/* End XCConfigurationList section */

/* Begin XCRemoteSwiftPackageReference section */
		0018CD3D2FAC1FFC00C305B0 /* XCRemoteSwiftPackageReference "Yams" */ = {
			isa = XCRemoteSwiftPackageReference;
			repositoryURL = "https://github.com/jpsim/Yams";
			requirement = {
				kind = revision;
				revision = deaf82e867fa2cbd3cd865978b079bfcf384ac28;
			};
		};
		0018CE162FAC4BAF00C305B0 /* XCRemoteSwiftPackageReference "OpenAPIKit" */ = {
			isa = XCRemoteSwiftPackageReference;
			repositoryURL = "https://github.com/mattpolzin/OpenAPIKit";
			requirement = {
				kind = revision;
				revision = 343b2c1793058fcc53c1bd7e2907f8e3a4d640fb;
			};
		};
		0040AFD12E76063500F33735 /* XCRemoteSwiftPackageReference "FractionalIndex" */ = {
			isa = XCRemoteSwiftPackageReference;
			repositoryURL = "https://github.com/varunrau/FractionalIndex.git";
			requirement = {
				kind = revision;
				revision = 2e84e529881039b3917319a3d126ba78b94b8bc5;
			};
		};
		004D12202FAC08CB0027B11D /* XCRemoteSwiftPackageReference "swift-http-types" */ = {
			isa = XCRemoteSwiftPackageReference;
			repositoryURL = "https://github.com/apple/swift-http-types";
			requirement = {
				kind = revision;
				revision = 45eb0224913ea070ec4fba17291b9e7ecf4749ca;
			};
		};
		008E48C62F464AB50058617B /* XCRemoteSwiftPackageReference "swift-identified-collections" */ = {
			isa = XCRemoteSwiftPackageReference;
			repositoryURL = "https://github.com/pointfreeco/swift-identified-collections.git";
			requirement = {
				kind = revision;
				revision = 322d9ffeeba85c9f7c4984b39422ec7cc3c56597;
			};
		};
		00D98C3F2CAE5B180008E0F1 /* XCRemoteSwiftPackageReference "swift-algorithms" */ = {
			isa = XCRemoteSwiftPackageReference;
			repositoryURL = "https://github.com/apple/swift-algorithms.git";
			requirement = {
				kind = revision;
				revision = 87e50f483c54e6efd60e885f7f5aa946cee68023;
			};
		};
		00EF74A02E8DD2FA00EA0D19 /* XCRemoteSwiftPackageReference "GRDB.swift" */ = {
			isa = XCRemoteSwiftPackageReference;
			repositoryURL = "https://github.com/groue/GRDB.swift.git";
			requirement = {
				kind = revision;
				revision = 36e30a6f1ef10e4194f6af0cff90888526f0c115;
			};
		};
		00EF74A32E8DD33800EA0D19 /* XCRemoteSwiftPackageReference "swift-property-based" */ = {
			isa = XCRemoteSwiftPackageReference;
			repositoryURL = "https://github.com/x-sheep/swift-property-based.git";
			requirement = {
				kind = revision;
				revision = 695120fe95d7f81c0baf556f63ad2468d7ed965d;
			};
		};
/* End XCRemoteSwiftPackageReference section */

/* Begin XCSwiftPackageProductDependency section */
		0013A0542F353DC300E715AD /* SampledCore */ = {
			isa = XCSwiftPackageProductDependency;
			productName = SampledCore;
		};
		0018CD3E2FAC1FFD00C305B0 /* Yams */ = {
			isa = XCSwiftPackageProductDependency;
			package = 0018CD3D2FAC1FFC00C305B0 /* XCRemoteSwiftPackageReference "Yams" */;
			productName = Yams;
		};
		0018CE172FAC4BAF00C305B0 /* OpenAPIKit30 */ = {
			isa = XCSwiftPackageProductDependency;
			package = 0018CE162FAC4BAF00C305B0 /* XCRemoteSwiftPackageReference "OpenAPIKit" */;
			productName = OpenAPIKit30;
		};
		0040AFD22E76063500F33735 /* FractionalIndex */ = {
			isa = XCSwiftPackageProductDependency;
			package = 0040AFD12E76063500F33735 /* XCRemoteSwiftPackageReference "FractionalIndex" */;
			productName = FractionalIndex;
		};
		004D121E2FABE5AF0027B11D /* SampledOpenSubsonicAPI */ = {
			isa = XCSwiftPackageProductDependency;
			productName = SampledOpenSubsonicAPI;
		};
		004D12212FAC08CC0027B11D /* HTTPTypes */ = {
			isa = XCSwiftPackageProductDependency;
			package = 004D12202FAC08CB0027B11D /* XCRemoteSwiftPackageReference "swift-http-types" */;
			productName = HTTPTypes;
		};
		00747F2B2E94A3DE0024DCBE /* PropertyBased */ = {
			isa = XCSwiftPackageProductDependency;
			package = 00EF74A32E8DD33800EA0D19 /* XCRemoteSwiftPackageReference "swift-property-based" */;
			productName = PropertyBased;
		};
		008E48C72F464AB50058617B /* IdentifiedCollections */ = {
			isa = XCSwiftPackageProductDependency;
			package = 008E48C62F464AB50058617B /* XCRemoteSwiftPackageReference "swift-identified-collections" */;
			productName = IdentifiedCollections;
		};
		00C7BCCB2CE003730094F057 /* Algorithms */ = {
			isa = XCSwiftPackageProductDependency;
			package = 00D98C3F2CAE5B180008E0F1 /* XCRemoteSwiftPackageReference "swift-algorithms" */;
			productName = Algorithms;
		};
		00EF74A12E8DD2FA00EA0D19 /* GRDB */ = {
			isa = XCSwiftPackageProductDependency;
			package = 00EF74A02E8DD2FA00EA0D19 /* XCRemoteSwiftPackageReference "GRDB.swift" */;
			productName = GRDB;
		};
/* End XCSwiftPackageProductDependency section */
	};
	rootObject = 0017ED1C2BF17A38008B3D76 /* Project object */;
}
